# This file was autogenerated by Stack.
# You should not edit this file by hand.
# For more information, please see the documentation at:
#   https://docs.haskellstack.org/en/stable/lock_files

packages:
- completed:
    hackage: gf-3.10@sha256:6f851dfaab5e1f9d4f3796515b86f78806a2bb305136a902713dfc2b92d9cfb0,8477
    pantry-tree:
      size: 64924
      sha256: 66332577ff42a42eed767f451f53266e1020b72749cdcdf7387933615d5de091
  original:
    hackage: gf-3.10@sha256:6f851dfaab5e1f9d4f3796515b86f78806a2bb305136a902713dfc2b92d9cfb0
snapshots:
- completed:
    size: 537868
    url: https://raw.githubusercontent.com/commercialhaskell/stackage-snapshots/master/lts/9/21.yaml
    sha256: 0a3be91c2bce851de4755003cfb1d85d62b6f90276231fcc305729c0c5c864a9
  original: lts-9.21
